
Microsoft Visual Studio Solution File, Format Version 12.00
# Visual Studio 2013
VisualStudioVersion = 12.0.31101.0
MinimumVisualStudioVersion = 10.0.40219.1
Project("{FAE04EC0-301F-11D3-BF4B-00C04F79EFBC}") = "DP_Singleton", "DP_Singleton\DP_Singleton.csproj", "{BB1C891A-2AC8-41E3-9FE8-B3EB6DC2E878}"
EndProject
Project("{FAE04EC0-301F-11D3-BF4B-00C04F79EFBC}") = "DP_Strategy", "DP_Strategy\DP_Strategy.csproj", "{8C0DC50A-C3AB-42B8-912E-884FC33BAAA5}"
EndProject
Project("{FAE04EC0-301F-11D3-BF4B-00C04F79EFBC}") = "DP_SimpleFactory", "DP_Factory\DP_SimpleFactory.csproj", "{B8A02A28-8D39-415F-8D70-DC16895E3145}"
EndProject
Project("{FAE04EC0-301F-11D3-BF4B-00C04F79EFBC}") = "DP_FactoryMethod", "DP_FactoryMethod\DP_FactoryMethod.csproj", "{C954276D-112E-4330-8DE5-D05508A56128}"
EndProject
Project("{FAE04EC0-301F-11D3-BF4B-00C04F79EFBC}") = "DP_AbstractFactory", "DP_AbstractFactory\DP_AbstractFactory.csproj", "{4740BE90-1FD9-458D-824F-4823EF067469}"
EndProject
Project("{FAE04EC0-301F-11D3-BF4B-00C04F79EFBC}") = "DP_Adapter", "DP_Adapter\DP_Adapter.csproj", "{F96C102C-B4CE-473D-BB3F-41B734205DB2}"
EndProject
Project("{FAE04EC0-301F-11D3-BF4B-00C04F79EFBC}") = "DP_Observer", "DP_Observer\DP_Observer.csproj", "{DB77C3BB-34D6-405C-934B-419E546C95D0}"
EndProject
Project("{FAE04EC0-301F-11D3-BF4B-00C04F79EFBC}") = "DP_Builder", "DP_Builder\DP_Builder.csproj", "{37D2A29D-1938-48F9-8CDC-456AEA811D3F}"
EndProject
Project("{FAE04EC0-301F-11D3-BF4B-00C04F79EFBC}") = "DP_Command", "DP_Command\DP_Command.csproj", "{BC16F3C3-19B0-4E4F-98F4-F40A9D3E02F7}"
EndProject
Project("{FAE04EC0-301F-11D3-BF4B-00C04F79EFBC}") = "DP_Decorator", "DP_Decorator\DP_Decorator.csproj", "{3E41FCC9-D1ED-425C-84B8-00E46FE20634}"
EndProject
Project("{FAE04EC0-301F-11D3-BF4B-00C04F79EFBC}") = "DP_Proxy", "DP_Proxy\DP_Proxy.csproj", "{DEF8CF5B-6821-466D-9D97-5A81C6A479B6}"
EndProject
Project("{FAE04EC0-301F-11D3-BF4B-00C04F79EFBC}") = "DP_ChainOfRepsonsbility", "DP_ChainOfRepsonsbility\DP_ChainOfRepsonsbility.csproj", "{D8F91853-2FEE-45B3-8A6E-D13AB6787C6C}"
EndProject
Project("{FAE04EC0-301F-11D3-BF4B-00C04F79EFBC}") = "DP_Prototype", "DP_Prototype\DP_Prototype.csproj", "{9246EAFE-4622-4BB1-8908-833864658C08}"
EndProject
Project("{FAE04EC0-301F-11D3-BF4B-00C04F79EFBC}") = "DP_Iterator", "DP_Iterator\DP_Iterator.csproj", "{09F9C6C6-356D-4709-ADC4-67113DB01D7C}"
EndProject
Project("{FAE04EC0-301F-11D3-BF4B-00C04F79EFBC}") = "DP_TemplateMethod", "DP_TemplateMethod\DP_TemplateMethod.csproj", "{64DB69DD-06C1-4241-B9E6-07B432B39FB3}"
EndProject
Project("{FAE04EC0-301F-11D3-BF4B-00C04F79EFBC}") = "DP_Composite", "DP_Composite\DP_Composite.csproj", "{A18B4552-921B-406C-B7B3-F9C3B38D8CEB}"
EndProject
Project("{FAE04EC0-301F-11D3-BF4B-00C04F79EFBC}") = "DP_State", "DP_State\DP_State.csproj", "{871C9212-F3A7-4472-8246-2D89B7FC557B}"
EndProject
Project("{FAE04EC0-301F-11D3-BF4B-00C04F79EFBC}") = "DP_Bridge", "DP_Bridge\DP_Bridge.csproj", "{C9BC10C9-8135-4CCE-A024-7DF12AEE89EE}"
EndProject
Project("{FAE04EC0-301F-11D3-BF4B-00C04F79EFBC}") = "DP_Facade", "DP_Facade\DP_Facade.csproj", "{5B13E52F-E282-45BF-B18E-A6A903812896}"
EndProject
Project("{FAE04EC0-301F-11D3-BF4B-00C04F79EFBC}") = "DP_Flyweight", "DP_Flyweight\DP_Flyweight.csproj", "{A9C63E02-78B6-4176-B627-3DC8C2469F2F}"
EndProject
Project("{2150E333-8FDC-42A3-9474-1A3956D46DE8}") = "01-创建型", "01-创建型", "{A86D29B2-95D5-4DCE-8092-8713F8ED95D3}"
EndProject
Project("{2150E333-8FDC-42A3-9474-1A3956D46DE8}") = "02-结构型", "02-结构型", "{7BC020E5-3785-4C2F-B005-99C01BB263D7}"
EndProject
Project("{2150E333-8FDC-42A3-9474-1A3956D46DE8}") = "03-行为型", "03-行为型", "{00AB3A57-B9AC-4BA4-B483-278FD7883546}"
EndProject
Project("{2150E333-8FDC-42A3-9474-1A3956D46DE8}") = "04-六大设计原则", "04-六大设计原则", "{96111959-2810-429D-AB5D-2E73AF51C7C5}"
	ProjectSection(SolutionItems) = preProject
		List.txt = List.txt
	EndProjectSection
EndProject
Project("{FAE04EC0-301F-11D3-BF4B-00C04F79EFBC}") = "DP_Interpreter", "Interpreter\DP_Interpreter.csproj", "{0872FF93-CB97-443B-B051-8E30124EB0A0}"
EndProject
Project("{FAE04EC0-301F-11D3-BF4B-00C04F79EFBC}") = "DP_Mediator", "DP_Mediator\DP_Mediator.csproj", "{D9F4BD33-7A46-45B5-AFD9-F58B583B2104}"
EndProject
Project("{FAE04EC0-301F-11D3-BF4B-00C04F79EFBC}") = "DP_Visitor", "DP_Visitor\DP_Visitor.csproj", "{BA029D5D-C886-41D4-A78F-BC06A52AE00A}"
EndProject
Project("{FAE04EC0-301F-11D3-BF4B-00C04F79EFBC}") = "DP_Memento", "DP_Memento\DP_Memento.csproj", "{250CEFD9-93C0-4ECD-82B3-146E1A99CD3C}"
EndProject
Global
	GlobalSection(SolutionConfigurationPlatforms) = preSolution
		Debug|Any CPU = Debug|Any CPU
		Release|Any CPU = Release|Any CPU
	EndGlobalSection
	GlobalSection(ProjectConfigurationPlatforms) = postSolution
		{BB1C891A-2AC8-41E3-9FE8-B3EB6DC2E878}.Debug|Any CPU.ActiveCfg = Debug|Any CPU
		{BB1C891A-2AC8-41E3-9FE8-B3EB6DC2E878}.Debug|Any CPU.Build.0 = Debug|Any CPU
		{BB1C891A-2AC8-41E3-9FE8-B3EB6DC2E878}.Release|Any CPU.ActiveCfg = Release|Any CPU
		{BB1C891A-2AC8-41E3-9FE8-B3EB6DC2E878}.Release|Any CPU.Build.0 = Release|Any CPU
		{8C0DC50A-C3AB-42B8-912E-884FC33BAAA5}.Debug|Any CPU.ActiveCfg = Debug|Any CPU
		{8C0DC50A-C3AB-42B8-912E-884FC33BAAA5}.Debug|Any CPU.Build.0 = Debug|Any CPU
		{8C0DC50A-C3AB-42B8-912E-884FC33BAAA5}.Release|Any CPU.ActiveCfg = Release|Any CPU
		{8C0DC50A-C3AB-42B8-912E-884FC33BAAA5}.Release|Any CPU.Build.0 = Release|Any CPU
		{B8A02A28-8D39-415F-8D70-DC16895E3145}.Debug|Any CPU.ActiveCfg = Debug|Any CPU
		{B8A02A28-8D39-415F-8D70-DC16895E3145}.Debug|Any CPU.Build.0 = Debug|Any CPU
		{B8A02A28-8D39-415F-8D70-DC16895E3145}.Release|Any CPU.ActiveCfg = Release|Any CPU
		{B8A02A28-8D39-415F-8D70-DC16895E3145}.Release|Any CPU.Build.0 = Release|Any CPU
		{C954276D-112E-4330-8DE5-D05508A56128}.Debug|Any CPU.ActiveCfg = Debug|Any CPU
		{C954276D-112E-4330-8DE5-D05508A56128}.Debug|Any CPU.Build.0 = Debug|Any CPU
		{C954276D-112E-4330-8DE5-D05508A56128}.Release|Any CPU.ActiveCfg = Release|Any CPU
		{C954276D-112E-4330-8DE5-D05508A56128}.Release|Any CPU.Build.0 = Release|Any CPU
		{4740BE90-1FD9-458D-824F-4823EF067469}.Debug|Any CPU.ActiveCfg = Debug|Any CPU
		{4740BE90-1FD9-458D-824F-4823EF067469}.Debug|Any CPU.Build.0 = Debug|Any CPU
		{4740BE90-1FD9-458D-824F-4823EF067469}.Release|Any CPU.ActiveCfg = Release|Any CPU
		{4740BE90-1FD9-458D-824F-4823EF067469}.Release|Any CPU.Build.0 = Release|Any CPU
		{F96C102C-B4CE-473D-BB3F-41B734205DB2}.Debug|Any CPU.ActiveCfg = Debug|Any CPU
		{F96C102C-B4CE-473D-BB3F-41B734205DB2}.Debug|Any CPU.Build.0 = Debug|Any CPU
		{F96C102C-B4CE-473D-BB3F-41B734205DB2}.Release|Any CPU.ActiveCfg = Release|Any CPU
		{F96C102C-B4CE-473D-BB3F-41B734205DB2}.Release|Any CPU.Build.0 = Release|Any CPU
		{DB77C3BB-34D6-405C-934B-419E546C95D0}.Debug|Any CPU.ActiveCfg = Debug|Any CPU
		{DB77C3BB-34D6-405C-934B-419E546C95D0}.Debug|Any CPU.Build.0 = Debug|Any CPU
		{DB77C3BB-34D6-405C-934B-419E546C95D0}.Release|Any CPU.ActiveCfg = Release|Any CPU
		{DB77C3BB-34D6-405C-934B-419E546C95D0}.Release|Any CPU.Build.0 = Release|Any CPU
		{37D2A29D-1938-48F9-8CDC-456AEA811D3F}.Debug|Any CPU.ActiveCfg = Debug|Any CPU
		{37D2A29D-1938-48F9-8CDC-456AEA811D3F}.Debug|Any CPU.Build.0 = Debug|Any CPU
		{37D2A29D-1938-48F9-8CDC-456AEA811D3F}.Release|Any CPU.ActiveCfg = Release|Any CPU
		{37D2A29D-1938-48F9-8CDC-456AEA811D3F}.Release|Any CPU.Build.0 = Release|Any CPU
		{BC16F3C3-19B0-4E4F-98F4-F40A9D3E02F7}.Debug|Any CPU.ActiveCfg = Debug|Any CPU
		{BC16F3C3-19B0-4E4F-98F4-F40A9D3E02F7}.Debug|Any CPU.Build.0 = Debug|Any CPU
		{BC16F3C3-19B0-4E4F-98F4-F40A9D3E02F7}.Release|Any CPU.ActiveCfg = Release|Any CPU
		{BC16F3C3-19B0-4E4F-98F4-F40A9D3E02F7}.Release|Any CPU.Build.0 = Release|Any CPU
		{3E41FCC9-D1ED-425C-84B8-00E46FE20634}.Debug|Any CPU.ActiveCfg = Debug|Any CPU
		{3E41FCC9-D1ED-425C-84B8-00E46FE20634}.Debug|Any CPU.Build.0 = Debug|Any CPU
		{3E41FCC9-D1ED-425C-84B8-00E46FE20634}.Release|Any CPU.ActiveCfg = Release|Any CPU
		{3E41FCC9-D1ED-425C-84B8-00E46FE20634}.Release|Any CPU.Build.0 = Release|Any CPU
		{DEF8CF5B-6821-466D-9D97-5A81C6A479B6}.Debug|Any CPU.ActiveCfg = Debug|Any CPU
		{DEF8CF5B-6821-466D-9D97-5A81C6A479B6}.Debug|Any CPU.Build.0 = Debug|Any CPU
		{DEF8CF5B-6821-466D-9D97-5A81C6A479B6}.Release|Any CPU.ActiveCfg = Release|Any CPU
		{DEF8CF5B-6821-466D-9D97-5A81C6A479B6}.Release|Any CPU.Build.0 = Release|Any CPU
		{D8F91853-2FEE-45B3-8A6E-D13AB6787C6C}.Debug|Any CPU.ActiveCfg = Debug|Any CPU
		{D8F91853-2FEE-45B3-8A6E-D13AB6787C6C}.Debug|Any CPU.Build.0 = Debug|Any CPU
		{D8F91853-2FEE-45B3-8A6E-D13AB6787C6C}.Release|Any CPU.ActiveCfg = Release|Any CPU
		{D8F91853-2FEE-45B3-8A6E-D13AB6787C6C}.Release|Any CPU.Build.0 = Release|Any CPU
		{9246EAFE-4622-4BB1-8908-833864658C08}.Debug|Any CPU.ActiveCfg = Debug|Any CPU
		{9246EAFE-4622-4BB1-8908-833864658C08}.Debug|Any CPU.Build.0 = Debug|Any CPU
		{9246EAFE-4622-4BB1-8908-833864658C08}.Release|Any CPU.ActiveCfg = Release|Any CPU
		{9246EAFE-4622-4BB1-8908-833864658C08}.Release|Any CPU.Build.0 = Release|Any CPU
		{09F9C6C6-356D-4709-ADC4-67113DB01D7C}.Debug|Any CPU.ActiveCfg = Debug|Any CPU
		{09F9C6C6-356D-4709-ADC4-67113DB01D7C}.Debug|Any CPU.Build.0 = Debug|Any CPU
		{09F9C6C6-356D-4709-ADC4-67113DB01D7C}.Release|Any CPU.ActiveCfg = Release|Any CPU
		{09F9C6C6-356D-4709-ADC4-67113DB01D7C}.Release|Any CPU.Build.0 = Release|Any CPU
		{64DB69DD-06C1-4241-B9E6-07B432B39FB3}.Debug|Any CPU.ActiveCfg = Debug|Any CPU
		{64DB69DD-06C1-4241-B9E6-07B432B39FB3}.Debug|Any CPU.Build.0 = Debug|Any CPU
		{64DB69DD-06C1-4241-B9E6-07B432B39FB3}.Release|Any CPU.ActiveCfg = Release|Any CPU
		{64DB69DD-06C1-4241-B9E6-07B432B39FB3}.Release|Any CPU.Build.0 = Release|Any CPU
		{A18B4552-921B-406C-B7B3-F9C3B38D8CEB}.Debug|Any CPU.ActiveCfg = Debug|Any CPU
		{A18B4552-921B-406C-B7B3-F9C3B38D8CEB}.Debug|Any CPU.Build.0 = Debug|Any CPU
		{A18B4552-921B-406C-B7B3-F9C3B38D8CEB}.Release|Any CPU.ActiveCfg = Release|Any CPU
		{A18B4552-921B-406C-B7B3-F9C3B38D8CEB}.Release|Any CPU.Build.0 = Release|Any CPU
		{871C9212-F3A7-4472-8246-2D89B7FC557B}.Debug|Any CPU.ActiveCfg = Debug|Any CPU
		{871C9212-F3A7-4472-8246-2D89B7FC557B}.Debug|Any CPU.Build.0 = Debug|Any CPU
		{871C9212-F3A7-4472-8246-2D89B7FC557B}.Release|Any CPU.ActiveCfg = Release|Any CPU
		{871C9212-F3A7-4472-8246-2D89B7FC557B}.Release|Any CPU.Build.0 = Release|Any CPU
		{C9BC10C9-8135-4CCE-A024-7DF12AEE89EE}.Debug|Any CPU.ActiveCfg = Debug|Any CPU
		{C9BC10C9-8135-4CCE-A024-7DF12AEE89EE}.Debug|Any CPU.Build.0 = Debug|Any CPU
		{C9BC10C9-8135-4CCE-A024-7DF12AEE89EE}.Release|Any CPU.ActiveCfg = Release|Any CPU
		{C9BC10C9-8135-4CCE-A024-7DF12AEE89EE}.Release|Any CPU.Build.0 = Release|Any CPU
		{5B13E52F-E282-45BF-B18E-A6A903812896}.Debug|Any CPU.ActiveCfg = Debug|Any CPU
		{5B13E52F-E282-45BF-B18E-A6A903812896}.Debug|Any CPU.Build.0 = Debug|Any CPU
		{5B13E52F-E282-45BF-B18E-A6A903812896}.Release|Any CPU.ActiveCfg = Release|Any CPU
		{5B13E52F-E282-45BF-B18E-A6A903812896}.Release|Any CPU.Build.0 = Release|Any CPU
		{A9C63E02-78B6-4176-B627-3DC8C2469F2F}.Debug|Any CPU.ActiveCfg = Debug|Any CPU
		{A9C63E02-78B6-4176-B627-3DC8C2469F2F}.Debug|Any CPU.Build.0 = Debug|Any CPU
		{A9C63E02-78B6-4176-B627-3DC8C2469F2F}.Release|Any CPU.ActiveCfg = Release|Any CPU
		{A9C63E02-78B6-4176-B627-3DC8C2469F2F}.Release|Any CPU.Build.0 = Release|Any CPU
		{0872FF93-CB97-443B-B051-8E30124EB0A0}.Debug|Any CPU.ActiveCfg = Debug|Any CPU
		{0872FF93-CB97-443B-B051-8E30124EB0A0}.Debug|Any CPU.Build.0 = Debug|Any CPU
		{0872FF93-CB97-443B-B051-8E30124EB0A0}.Release|Any CPU.ActiveCfg = Release|Any CPU
		{0872FF93-CB97-443B-B051-8E30124EB0A0}.Release|Any CPU.Build.0 = Release|Any CPU
		{D9F4BD33-7A46-45B5-AFD9-F58B583B2104}.Debug|Any CPU.ActiveCfg = Debug|Any CPU
		{D9F4BD33-7A46-45B5-AFD9-F58B583B2104}.Debug|Any CPU.Build.0 = Debug|Any CPU
		{D9F4BD33-7A46-45B5-AFD9-F58B583B2104}.Release|Any CPU.ActiveCfg = Release|Any CPU
		{D9F4BD33-7A46-45B5-AFD9-F58B583B2104}.Release|Any CPU.Build.0 = Release|Any CPU
		{BA029D5D-C886-41D4-A78F-BC06A52AE00A}.Debug|Any CPU.ActiveCfg = Debug|Any CPU
		{BA029D5D-C886-41D4-A78F-BC06A52AE00A}.Debug|Any CPU.Build.0 = Debug|Any CPU
		{BA029D5D-C886-41D4-A78F-BC06A52AE00A}.Release|Any CPU.ActiveCfg = Release|Any CPU
		{BA029D5D-C886-41D4-A78F-BC06A52AE00A}.Release|Any CPU.Build.0 = Release|Any CPU
		{250CEFD9-93C0-4ECD-82B3-146E1A99CD3C}.Debug|Any CPU.ActiveCfg = Debug|Any CPU
		{250CEFD9-93C0-4ECD-82B3-146E1A99CD3C}.Debug|Any CPU.Build.0 = Debug|Any CPU
		{250CEFD9-93C0-4ECD-82B3-146E1A99CD3C}.Release|Any CPU.ActiveCfg = Release|Any CPU
		{250CEFD9-93C0-4ECD-82B3-146E1A99CD3C}.Release|Any CPU.Build.0 = Release|Any CPU
	EndGlobalSection
	GlobalSection(SolutionProperties) = preSolution
		HideSolutionNode = FALSE
	EndGlobalSection
	GlobalSection(NestedProjects) = preSolution
		{BB1C891A-2AC8-41E3-9FE8-B3EB6DC2E878} = {A86D29B2-95D5-4DCE-8092-8713F8ED95D3}
		{8C0DC50A-C3AB-42B8-912E-884FC33BAAA5} = {00AB3A57-B9AC-4BA4-B483-278FD7883546}
		{B8A02A28-8D39-415F-8D70-DC16895E3145} = {A86D29B2-95D5-4DCE-8092-8713F8ED95D3}
		{C954276D-112E-4330-8DE5-D05508A56128} = {A86D29B2-95D5-4DCE-8092-8713F8ED95D3}
		{4740BE90-1FD9-458D-824F-4823EF067469} = {A86D29B2-95D5-4DCE-8092-8713F8ED95D3}
		{F96C102C-B4CE-473D-BB3F-41B734205DB2} = {7BC020E5-3785-4C2F-B005-99C01BB263D7}
		{DB77C3BB-34D6-405C-934B-419E546C95D0} = {00AB3A57-B9AC-4BA4-B483-278FD7883546}
		{37D2A29D-1938-48F9-8CDC-456AEA811D3F} = {A86D29B2-95D5-4DCE-8092-8713F8ED95D3}
		{BC16F3C3-19B0-4E4F-98F4-F40A9D3E02F7} = {00AB3A57-B9AC-4BA4-B483-278FD7883546}
		{3E41FCC9-D1ED-425C-84B8-00E46FE20634} = {7BC020E5-3785-4C2F-B005-99C01BB263D7}
		{DEF8CF5B-6821-466D-9D97-5A81C6A479B6} = {7BC020E5-3785-4C2F-B005-99C01BB263D7}
		{D8F91853-2FEE-45B3-8A6E-D13AB6787C6C} = {00AB3A57-B9AC-4BA4-B483-278FD7883546}
		{9246EAFE-4622-4BB1-8908-833864658C08} = {A86D29B2-95D5-4DCE-8092-8713F8ED95D3}
		{09F9C6C6-356D-4709-ADC4-67113DB01D7C} = {00AB3A57-B9AC-4BA4-B483-278FD7883546}
		{64DB69DD-06C1-4241-B9E6-07B432B39FB3} = {00AB3A57-B9AC-4BA4-B483-278FD7883546}
		{A18B4552-921B-406C-B7B3-F9C3B38D8CEB} = {7BC020E5-3785-4C2F-B005-99C01BB263D7}
		{871C9212-F3A7-4472-8246-2D89B7FC557B} = {00AB3A57-B9AC-4BA4-B483-278FD7883546}
		{C9BC10C9-8135-4CCE-A024-7DF12AEE89EE} = {7BC020E5-3785-4C2F-B005-99C01BB263D7}
		{5B13E52F-E282-45BF-B18E-A6A903812896} = {7BC020E5-3785-4C2F-B005-99C01BB263D7}
		{A9C63E02-78B6-4176-B627-3DC8C2469F2F} = {7BC020E5-3785-4C2F-B005-99C01BB263D7}
		{0872FF93-CB97-443B-B051-8E30124EB0A0} = {00AB3A57-B9AC-4BA4-B483-278FD7883546}
		{D9F4BD33-7A46-45B5-AFD9-F58B583B2104} = {00AB3A57-B9AC-4BA4-B483-278FD7883546}
		{BA029D5D-C886-41D4-A78F-BC06A52AE00A} = {00AB3A57-B9AC-4BA4-B483-278FD7883546}
		{250CEFD9-93C0-4ECD-82B3-146E1A99CD3C} = {00AB3A57-B9AC-4BA4-B483-278FD7883546}
	EndGlobalSection
EndGlobal
